sdks:
  dart: '>=3.3.0 <4.0.0'
  flutter: '>=3.24.0'
packages:
  flutter:
    dependency: direct main
    description: flutter
    source: sdk
    version: 3.24.3
  cupertino_icons:
    dependency: direct main
    description:
      name: cupertino_icons
      url: https://pub.dev
    source: hosted
    version: 1.0.8
  firebase_core:
    dependency: direct main
    description:
      name: firebase_core
      url: https://pub.dev
    source: hosted
    version: 3.5.0
  firebase_auth:
    dependency: direct main
    description:
      name: firebase_auth
      url: https://pub.dev
    source: hosted
    version: 5.3.1
  cloud_firestore:
    dependency: direct main
    description:
      name: cloud_firestore
      url: https://pub.dev
    source: hosted
    version: 5.4.3
  google_sign_in:
    dependency: direct main
    description:
      name: google_sign_in
      url: https://pub.dev
    source: hosted
    version: 6.2.1
  intl:
    dependency: direct main
    description:
      name: intl
      url: https://pub.dev
    source: hosted
    version: 0.19.0
